
Microsoft Visual Studio Solution File, Format Version 12.00
# Visual Studio 14
VisualStudioVersion = 14.0.23107.0
MinimumVisualStudioVersion = 10.0.40219.1
Project("{2150E333-8FDC-42A3-9474-1A3956D46DE8}") = "src", "src", "{EE9643E2-E4F6-4092-B922-66B374FDFE24}"
EndProject
Project("{2150E333-8FDC-42A3-9474-1A3956D46DE8}") = "Solution Items", "Solution Items", "{336D5BE9-5F36-4D86-8D32-05D2990F6AD4}"
	ProjectSection(SolutionItems) = preProject
		global.json = global.json
	EndProjectSection
EndProject
Project("{8BB2217D-0F2D-49D1-97BC-3654ED321F3B}") = "AuthRequirementExample", "src\AuthRequirementExample\AuthRequirementExample.xproj", "{726BB6AD-D036-4AB0-AA8C-9453445808DA}"
EndProject
Global
	GlobalSection(SolutionConfigurationPlatforms) = preSolution
		Debug|Any CPU = Debug|Any CPU
		Release|Any CPU = Release|Any CPU
	EndGlobalSection
	GlobalSection(ProjectConfigurationPlatforms) = postSolution
		{726BB6AD-D036-4AB0-AA8C-9453445808DA}.Debug|Any CPU.ActiveCfg = Debug|Any CPU
		{726BB6AD-D036-4AB0-AA8C-9453445808DA}.Debug|Any CPU.Build.0 = Debug|Any CPU
		{726BB6AD-D036-4AB0-AA8C-9453445808DA}.Release|Any CPU.ActiveCfg = Release|Any CPU
		{726BB6AD-D036-4AB0-AA8C-9453445808DA}.Release|Any CPU.Build.0 = Release|Any CPU
	EndGlobalSection
	GlobalSection(SolutionProperties) = preSolution
		HideSolutionNode = FALSE
	EndGlobalSection
	GlobalSection(NestedProjects) = preSolution
		{726BB6AD-D036-4AB0-AA8C-9453445808DA} = {EE9643E2-E4F6-4092-B922-66B374FDFE24}
	EndGlobalSection
EndGlobal
